GIT
  remote: https://github.com/codekitchen/test_after_commit.git
  revision: 899ec8b6c699330d7804f91253e37beb610d097e
  branch: nested-commit-callbacks
  specs:
    test_after_commit (0.3.0)
      activerecord (>= 3.2)

PATH
  remote: ../..
  specs:
    after_transaction_commit (1.1.0)
      activerecord (>= 4.0)

GEM
  remote: https://rubygems.org/
  specs:
    activemodel (4.2.7.1)
      activesupport (= 4.2.7.1)
      builder (~> 3.1)
    activerecord (4.2.7.1)
      activemodel (= 4.2.7.1)
      activesupport (= 4.2.7.1)
      arel (~> 6.0)
    activesupport (4.2.7.1)
      i18n (~> 0.7)
      json (~> 1.7, >= 1.7.7)
      minitest (~> 5.1)
      thread_safe (~> 0.3, >= 0.3.4)
      tzinfo (~> 1.1)
    arel (6.0.3)
    builder (3.2.2)
    bump (0.5.3)
    diff-lcs (1.2.5)
    i18n (0.7.0)
    json (1.8.3)
    minitest (5.9.1)
    rake (11.3.0)
    rspec (3.5.0)
      rspec-core (~> 3.5.0)
      rspec-expectations (~> 3.5.0)
      rspec-mocks (~> 3.5.0)
    rspec-core (3.5.4)
      rspec-support (~> 3.5.0)
    rspec-expectations (3.5.0)
      diff-lcs (>= 1.2.0, < 2.0)
      rspec-support (~> 3.5.0)
    rspec-mocks (3.5.0)
      diff-lcs (>= 1.2.0, < 2.0)
      rspec-support (~> 3.5.0)
    rspec-support (3.5.0)
    sqlite3 (1.3.11)
    thread_safe (0.3.5)
    tzinfo (1.2.2)
      thread_safe (~> 0.1)
    wwtd (1.3.0)

PLATFORMS
  ruby

DEPENDENCIES
  activerecord (~> 4.2.0.beta2)
  after_transaction_commit!
  bump
  bundler (~> 1.11)
  rake (~> 11.0)
  rspec
  sqlite3
  test_after_commit!
  wwtd

BUNDLED WITH
   1.14.3
